
Microsoft Visual Studio Solution File, Format Version 12.00
# Visual Studio Version 17
VisualStudioVersion = 17.13.35617.110
MinimumVisualStudioVersion = 10.0.40219.1
Project("{2150E333-8FDC-42A3-9474-1A3956D46DE8}") = "FrontEnd", "FrontEnd", "{14AC0A39-2040-4FCA-ABAD-19CC92B89CA5}"
EndProject
Project("{2150E333-8FDC-42A3-9474-1A3956D46DE8}") = "Gateway", "Gateway", "{AB26F1E5-4AE1-4180-960D-2EA9B9F3004C}"
EndProject
Project("{2150E333-8FDC-42A3-9474-1A3956D46DE8}") = "Integration", "Integration", "{D305153E-60A4-4431-9A33-8B303E0C41EB}"
EndProject
Project("{2150E333-8FDC-42A3-9474-1A3956D46DE8}") = "Services", "Services", "{D2526454-2B58-4090-9434-8F7D04E2F38F}"
EndProject
Project("{FAE04EC0-301F-11D3-BF4B-00C04F79EFBC}") = "Mango.Services.CouponAPI", "Mango.Services.CouponAPI\Mango.Services.CouponAPI.csproj", "{99510808-A71E-460E-B536-C9546F48890F}"
EndProject
Project("{FAE04EC0-301F-11D3-BF4B-00C04F79EFBC}") = "Mango.Web", "Mango.Web\Mango.Web.csproj", "{302D2AF7-E16F-4095-8CA4-AEC29B1F6CC5}"
EndProject
Project("{FAE04EC0-301F-11D3-BF4B-00C04F79EFBC}") = "Mango.Services.AuthAPI", "Mango.Services.AuthAPI\Mango.Services.AuthAPI.csproj", "{0E58F07B-D9F3-400C-8785-51585B4EDB25}"
EndProject
Project("{FAE04EC0-301F-11D3-BF4B-00C04F79EFBC}") = "Mango.Services.ProductAPI", "Mango.Services.ProductAPI\Mango.Services.ProductAPI.csproj", "{2574FF4D-7931-4F90-8271-878A8C2C0440}"
EndProject
Project("{FAE04EC0-301F-11D3-BF4B-00C04F79EFBC}") = "Mango.Services.ShoppingCartAPI", "Mango.Services.ShoppingCartAPI\Mango.Services.ShoppingCartAPI.csproj", "{C3CDAF6D-6977-491E-BD73-7DB8EDF0ACAF}"
EndProject
Project("{FAE04EC0-301F-11D3-BF4B-00C04F79EFBC}") = "Mango.MessageBus", "Mango.MessageBus\Mango.MessageBus.csproj", "{B0D5E704-A0FF-4BC2-A4EF-DE2EF14C55A9}"
EndProject
Project("{FAE04EC0-301F-11D3-BF4B-00C04F79EFBC}") = "Mango.Services.EmailAPI", "Mango.Services.EmailAPI\Mango.Services.EmailAPI.csproj", "{A9522992-4AE3-4869-8CA2-0B09BEB60209}"
EndProject
Project("{FAE04EC0-301F-11D3-BF4B-00C04F79EFBC}") = "Mango.Services.OrderAPI", "Mango.Services.OrderAPI\Mango.Services.OrderAPI.csproj", "{06920A97-5EB2-4ECB-8466-957A885323BB}"
EndProject
Project("{FAE04EC0-301F-11D3-BF4B-00C04F79EFBC}") = "Mango.Services.RewardAPI", "Mango.Services.RewardAPI\Mango.Services.RewardAPI.csproj", "{0B63EF3E-BE7F-4ADA-8408-E02688144424}"
EndProject
Project("{FAE04EC0-301F-11D3-BF4B-00C04F79EFBC}") = "Mango.GatewaySolution", "Mango.GatewaySolution\Mango.GatewaySolution.csproj", "{42611EBB-A67B-4BE0-AF0C-6E4DB6011BDE}"
EndProject
Project("{2150E333-8FDC-42A3-9474-1A3956D46DE8}") = "BlazorFrontEnd", "BlazorFrontEnd", "{02EA681E-C7D8-13C7-8484-4AC65E1B71E8}"
EndProject
Project("{FAE04EC0-301F-11D3-BF4B-00C04F79EFBC}") = "Mango.Blazor", "Mango.Blazor\Mango.Blazor.csproj", "{5B3EA6B4-C67B-4081-8B23-3BF8848782B5}"
EndProject
Project("{2150E333-8FDC-42A3-9474-1A3956D46DE8}") = "ServicesTests", "ServicesTests", "{850F42BC-A2A2-4102-985C-337BB1DEC945}"
EndProject
Project("{FAE04EC0-301F-11D3-BF4B-00C04F79EFBC}") = "Mango.Services.AuthAPI.Tests", "Mango.Services.AuthAPI.Tests\Mango.Services.AuthAPI.Tests.csproj", "{80A54E27-462B-4502-9706-C4A21FE92852}"
EndProject
Project("{FAE04EC0-301F-11D3-BF4B-00C04F79EFBC}") = "Mango.Services.ProductAPI.Tests", "Mango.Services.ProductAPI.Tests\Mango.Services.ProductAPI.Tests.csproj", "{F188C114-746E-45AA-8036-14567F235245}"
EndProject
Project("{FAE04EC0-301F-11D3-BF4B-00C04F79EFBC}") = "Mango.Services.OrderAPI.Tests", "Mango.Services.OrderAPI.Tests\Mango.Services.OrderAPI.Tests.csproj", "{17EF2C7C-8134-4318-85CE-8ECFD22BD21E}"
EndProject
Project("{FAE04EC0-301F-11D3-BF4B-00C04F79EFBC}") = "Mango.Services.ShoppingCartAPI.Tests", "Mango.Services.ShoppingCartAPI.Tests\Mango.Services.ShoppingCartAPI.Tests.csproj", "{CD57717F-4B76-49B2-BF2D-681799703015}"
EndProject
Project("{FAE04EC0-301F-11D3-BF4B-00C04F79EFBC}") = "Mango.Services.RewardAPI.Tests", "Mango.Services.RewardAPI.Tests\Mango.Services.RewardAPI.Tests.csproj", "{745FCA5B-041C-4E60-8C3C-1C8A4FB1221E}"
EndProject
Project("{FAE04EC0-301F-11D3-BF4B-00C04F79EFBC}") = "Mango.Services.CouponAPI.Tests", "Mango.Services.CouponAPI.Tests\Mango.Services.CouponAPI.Tests.csproj", "{049473E5-AF86-47F8-B30E-AD99CE3F05F2}"
EndProject
Project("{2150E333-8FDC-42A3-9474-1A3956D46DE8}") = ".github", ".github", "{F4F8ADFF-5415-48A9-ABA2-3D929AE130A5}"
EndProject
Project("{2150E333-8FDC-42A3-9474-1A3956D46DE8}") = "workflows", "workflows", "{7B5EAB13-C54B-4139-ABB8-5EA16AE09447}"
	ProjectSection(SolutionItems) = preProject
		pushtest.yml = pushtest.yml
	EndProjectSection
EndProject
Global
	GlobalSection(SolutionConfigurationPlatforms) = preSolution
		Debug|Any CPU = Debug|Any CPU
		Release|Any CPU = Release|Any CPU
	EndGlobalSection
	GlobalSection(ProjectConfigurationPlatforms) = postSolution
		{99510808-A71E-460E-B536-C9546F48890F}.Debug|Any CPU.ActiveCfg = Debug|Any CPU
		{99510808-A71E-460E-B536-C9546F48890F}.Debug|Any CPU.Build.0 = Debug|Any CPU
		{99510808-A71E-460E-B536-C9546F48890F}.Release|Any CPU.ActiveCfg = Release|Any CPU
		{99510808-A71E-460E-B536-C9546F48890F}.Release|Any CPU.Build.0 = Release|Any CPU
		{302D2AF7-E16F-4095-8CA4-AEC29B1F6CC5}.Debug|Any CPU.ActiveCfg = Debug|Any CPU
		{302D2AF7-E16F-4095-8CA4-AEC29B1F6CC5}.Debug|Any CPU.Build.0 = Debug|Any CPU
		{302D2AF7-E16F-4095-8CA4-AEC29B1F6CC5}.Release|Any CPU.ActiveCfg = Release|Any CPU
		{302D2AF7-E16F-4095-8CA4-AEC29B1F6CC5}.Release|Any CPU.Build.0 = Release|Any CPU
		{0E58F07B-D9F3-400C-8785-51585B4EDB25}.Debug|Any CPU.ActiveCfg = Debug|Any CPU
		{0E58F07B-D9F3-400C-8785-51585B4EDB25}.Debug|Any CPU.Build.0 = Debug|Any CPU
		{0E58F07B-D9F3-400C-8785-51585B4EDB25}.Release|Any CPU.ActiveCfg = Release|Any CPU
		{0E58F07B-D9F3-400C-8785-51585B4EDB25}.Release|Any CPU.Build.0 = Release|Any CPU
		{2574FF4D-7931-4F90-8271-878A8C2C0440}.Debug|Any CPU.ActiveCfg = Debug|Any CPU
		{2574FF4D-7931-4F90-8271-878A8C2C0440}.Debug|Any CPU.Build.0 = Debug|Any CPU
		{2574FF4D-7931-4F90-8271-878A8C2C0440}.Release|Any CPU.ActiveCfg = Release|Any CPU
		{2574FF4D-7931-4F90-8271-878A8C2C0440}.Release|Any CPU.Build.0 = Release|Any CPU
		{C3CDAF6D-6977-491E-BD73-7DB8EDF0ACAF}.Debug|Any CPU.ActiveCfg = Debug|Any CPU
		{C3CDAF6D-6977-491E-BD73-7DB8EDF0ACAF}.Debug|Any CPU.Build.0 = Debug|Any CPU
		{C3CDAF6D-6977-491E-BD73-7DB8EDF0ACAF}.Release|Any CPU.ActiveCfg = Release|Any CPU
		{C3CDAF6D-6977-491E-BD73-7DB8EDF0ACAF}.Release|Any CPU.Build.0 = Release|Any CPU
		{B0D5E704-A0FF-4BC2-A4EF-DE2EF14C55A9}.Debug|Any CPU.ActiveCfg = Debug|Any CPU
		{B0D5E704-A0FF-4BC2-A4EF-DE2EF14C55A9}.Debug|Any CPU.Build.0 = Debug|Any CPU
		{B0D5E704-A0FF-4BC2-A4EF-DE2EF14C55A9}.Release|Any CPU.ActiveCfg = Release|Any CPU
		{B0D5E704-A0FF-4BC2-A4EF-DE2EF14C55A9}.Release|Any CPU.Build.0 = Release|Any CPU
		{A9522992-4AE3-4869-8CA2-0B09BEB60209}.Debug|Any CPU.ActiveCfg = Debug|Any CPU
		{A9522992-4AE3-4869-8CA2-0B09BEB60209}.Debug|Any CPU.Build.0 = Debug|Any CPU
		{A9522992-4AE3-4869-8CA2-0B09BEB60209}.Release|Any CPU.ActiveCfg = Release|Any CPU
		{A9522992-4AE3-4869-8CA2-0B09BEB60209}.Release|Any CPU.Build.0 = Release|Any CPU
		{06920A97-5EB2-4ECB-8466-957A885323BB}.Debug|Any CPU.ActiveCfg = Debug|Any CPU
		{06920A97-5EB2-4ECB-8466-957A885323BB}.Debug|Any CPU.Build.0 = Debug|Any CPU
		{06920A97-5EB2-4ECB-8466-957A885323BB}.Release|Any CPU.ActiveCfg = Release|Any CPU
		{06920A97-5EB2-4ECB-8466-957A885323BB}.Release|Any CPU.Build.0 = Release|Any CPU
		{0B63EF3E-BE7F-4ADA-8408-E02688144424}.Debug|Any CPU.ActiveCfg = Debug|Any CPU
		{0B63EF3E-BE7F-4ADA-8408-E02688144424}.Debug|Any CPU.Build.0 = Debug|Any CPU
		{0B63EF3E-BE7F-4ADA-8408-E02688144424}.Release|Any CPU.ActiveCfg = Release|Any CPU
		{0B63EF3E-BE7F-4ADA-8408-E02688144424}.Release|Any CPU.Build.0 = Release|Any CPU
		{42611EBB-A67B-4BE0-AF0C-6E4DB6011BDE}.Debug|Any CPU.ActiveCfg = Debug|Any CPU
		{42611EBB-A67B-4BE0-AF0C-6E4DB6011BDE}.Debug|Any CPU.Build.0 = Debug|Any CPU
		{42611EBB-A67B-4BE0-AF0C-6E4DB6011BDE}.Release|Any CPU.ActiveCfg = Release|Any CPU
		{42611EBB-A67B-4BE0-AF0C-6E4DB6011BDE}.Release|Any CPU.Build.0 = Release|Any CPU
		{5B3EA6B4-C67B-4081-8B23-3BF8848782B5}.Debug|Any CPU.ActiveCfg = Debug|Any CPU
		{5B3EA6B4-C67B-4081-8B23-3BF8848782B5}.Debug|Any CPU.Build.0 = Debug|Any CPU
		{5B3EA6B4-C67B-4081-8B23-3BF8848782B5}.Release|Any CPU.ActiveCfg = Release|Any CPU
		{5B3EA6B4-C67B-4081-8B23-3BF8848782B5}.Release|Any CPU.Build.0 = Release|Any CPU
		{80A54E27-462B-4502-9706-C4A21FE92852}.Debug|Any CPU.ActiveCfg = Debug|Any CPU
		{80A54E27-462B-4502-9706-C4A21FE92852}.Debug|Any CPU.Build.0 = Debug|Any CPU
		{80A54E27-462B-4502-9706-C4A21FE92852}.Release|Any CPU.ActiveCfg = Release|Any CPU
		{80A54E27-462B-4502-9706-C4A21FE92852}.Release|Any CPU.Build.0 = Release|Any CPU
		{F188C114-746E-45AA-8036-14567F235245}.Debug|Any CPU.ActiveCfg = Debug|Any CPU
		{F188C114-746E-45AA-8036-14567F235245}.Debug|Any CPU.Build.0 = Debug|Any CPU
		{F188C114-746E-45AA-8036-14567F235245}.Release|Any CPU.ActiveCfg = Release|Any CPU
		{F188C114-746E-45AA-8036-14567F235245}.Release|Any CPU.Build.0 = Release|Any CPU
		{17EF2C7C-8134-4318-85CE-8ECFD22BD21E}.Debug|Any CPU.ActiveCfg = Debug|Any CPU
		{17EF2C7C-8134-4318-85CE-8ECFD22BD21E}.Debug|Any CPU.Build.0 = Debug|Any CPU
		{17EF2C7C-8134-4318-85CE-8ECFD22BD21E}.Release|Any CPU.ActiveCfg = Release|Any CPU
		{17EF2C7C-8134-4318-85CE-8ECFD22BD21E}.Release|Any CPU.Build.0 = Release|Any CPU
		{CD57717F-4B76-49B2-BF2D-681799703015}.Debug|Any CPU.ActiveCfg = Debug|Any CPU
		{CD57717F-4B76-49B2-BF2D-681799703015}.Debug|Any CPU.Build.0 = Debug|Any CPU
		{CD57717F-4B76-49B2-BF2D-681799703015}.Release|Any CPU.ActiveCfg = Release|Any CPU
		{CD57717F-4B76-49B2-BF2D-681799703015}.Release|Any CPU.Build.0 = Release|Any CPU
		{745FCA5B-041C-4E60-8C3C-1C8A4FB1221E}.Debug|Any CPU.ActiveCfg = Debug|Any CPU
		{745FCA5B-041C-4E60-8C3C-1C8A4FB1221E}.Debug|Any CPU.Build.0 = Debug|Any CPU
		{745FCA5B-041C-4E60-8C3C-1C8A4FB1221E}.Release|Any CPU.ActiveCfg = Release|Any CPU
		{745FCA5B-041C-4E60-8C3C-1C8A4FB1221E}.Release|Any CPU.Build.0 = Release|Any CPU
		{049473E5-AF86-47F8-B30E-AD99CE3F05F2}.Debug|Any CPU.ActiveCfg = Debug|Any CPU
		{049473E5-AF86-47F8-B30E-AD99CE3F05F2}.Debug|Any CPU.Build.0 = Debug|Any CPU
		{049473E5-AF86-47F8-B30E-AD99CE3F05F2}.Release|Any CPU.ActiveCfg = Release|Any CPU
		{049473E5-AF86-47F8-B30E-AD99CE3F05F2}.Release|Any CPU.Build.0 = Release|Any CPU
	EndGlobalSection
	GlobalSection(SolutionProperties) = preSolution
		HideSolutionNode = FALSE
	EndGlobalSection
	GlobalSection(NestedProjects) = preSolution
		{99510808-A71E-460E-B536-C9546F48890F} = {D2526454-2B58-4090-9434-8F7D04E2F38F}
		{302D2AF7-E16F-4095-8CA4-AEC29B1F6CC5} = {14AC0A39-2040-4FCA-ABAD-19CC92B89CA5}
		{0E58F07B-D9F3-400C-8785-51585B4EDB25} = {D2526454-2B58-4090-9434-8F7D04E2F38F}
		{2574FF4D-7931-4F90-8271-878A8C2C0440} = {D2526454-2B58-4090-9434-8F7D04E2F38F}
		{C3CDAF6D-6977-491E-BD73-7DB8EDF0ACAF} = {D2526454-2B58-4090-9434-8F7D04E2F38F}
		{B0D5E704-A0FF-4BC2-A4EF-DE2EF14C55A9} = {D305153E-60A4-4431-9A33-8B303E0C41EB}
		{A9522992-4AE3-4869-8CA2-0B09BEB60209} = {D2526454-2B58-4090-9434-8F7D04E2F38F}
		{06920A97-5EB2-4ECB-8466-957A885323BB} = {D2526454-2B58-4090-9434-8F7D04E2F38F}
		{0B63EF3E-BE7F-4ADA-8408-E02688144424} = {D2526454-2B58-4090-9434-8F7D04E2F38F}
		{42611EBB-A67B-4BE0-AF0C-6E4DB6011BDE} = {AB26F1E5-4AE1-4180-960D-2EA9B9F3004C}
		{5B3EA6B4-C67B-4081-8B23-3BF8848782B5} = {02EA681E-C7D8-13C7-8484-4AC65E1B71E8}
		{80A54E27-462B-4502-9706-C4A21FE92852} = {850F42BC-A2A2-4102-985C-337BB1DEC945}
		{F188C114-746E-45AA-8036-14567F235245} = {850F42BC-A2A2-4102-985C-337BB1DEC945}
		{17EF2C7C-8134-4318-85CE-8ECFD22BD21E} = {850F42BC-A2A2-4102-985C-337BB1DEC945}
		{CD57717F-4B76-49B2-BF2D-681799703015} = {850F42BC-A2A2-4102-985C-337BB1DEC945}
		{745FCA5B-041C-4E60-8C3C-1C8A4FB1221E} = {850F42BC-A2A2-4102-985C-337BB1DEC945}
		{049473E5-AF86-47F8-B30E-AD99CE3F05F2} = {850F42BC-A2A2-4102-985C-337BB1DEC945}
		{7B5EAB13-C54B-4139-ABB8-5EA16AE09447} = {F4F8ADFF-5415-48A9-ABA2-3D929AE130A5}
	EndGlobalSection
	GlobalSection(ExtensibilityGlobals) = postSolution
		SolutionGuid = {7E931EE2-D0CE-4125-B677-B9D6E50A470F}
	EndGlobalSection
EndGlobal
